
Microsoft Visual Studio Solution File, Format Version 12.00
# Visual Studio Version 17
VisualStudioVersion = 17.5.002.0
MinimumVisualStudioVersion = 10.0.40219.1
Project("{9A19103F-16F7-4668-BE54-9A1E7A4F7556}") = "lista2", "lista2.csproj", "{EA286D8A-9EBE-46DC-8B20-CDB941AB1ED2}"
EndProject
Global
	GlobalSection(SolutionConfigurationPlatforms) = preSolution
		Debug|Any CPU = Debug|Any CPU
		Release|Any CPU = Release|Any CPU
	EndGlobalSection
	GlobalSection(ProjectConfigurationPlatforms) = postSolution
		{EA286D8A-9EBE-46DC-8B20-CDB941AB1ED2}.Debug|Any CPU.ActiveCfg = Debug|Any CPU
		{EA286D8A-9EBE-46DC-8B20-CDB941AB1ED2}.Debug|Any CPU.Build.0 = Debug|Any CPU
		{EA286D8A-9EBE-46DC-8B20-CDB941AB1ED2}.Release|Any CPU.ActiveCfg = Release|Any CPU
		{EA286D8A-9EBE-46DC-8B20-CDB941AB1ED2}.Release|Any CPU.Build.0 = Release|Any CPU
	EndGlobalSection
	GlobalSection(SolutionProperties) = preSolution
		HideSolutionNode = FALSE
	EndGlobalSection
	GlobalSection(ExtensibilityGlobals) = postSolution
		SolutionGuid = {2CA48442-6160-4F71-9539-49B98E9A58D1}
	EndGlobalSection
EndGlobal
